
Microsoft Visual Studio Solution File, Format Version 12.00
# Visual Studio Version 17
VisualStudioVersion = 17.5.002.0
MinimumVisualStudioVersion = 10.0.40219.1
Project("{2150E333-8FDC-42A3-9474-1A3956D46DE8}") = "BTS SIO 1", "BTS SIO 1", "{2D383D60-6AF2-4E90-A721-439E5F080766}"
EndProject
Project("{2150E333-8FDC-42A3-9474-1A3956D46DE8}") = "PROGRAMMATION", "PROGRAMMATION", "{33A59EF2-28E9-469A-9F26-FCAA7C028670}"
EndProject
Project("{2150E333-8FDC-42A3-9474-1A3956D46DE8}") = "TC2", "TC2", "{4315F9C9-94B2-4954-927C-F15DBC0FB418}"
EndProject
Project("{2150E333-8FDC-42A3-9474-1A3956D46DE8}") = "TP2 Les alternatives", "TP2 Les alternatives", "{9BF0224E-5D48-4838-B56E-763CFCE45E86}"
EndProject
Project("{2150E333-8FDC-42A3-9474-1A3956D46DE8}") = "1. MesPremièresAlternatives", "1. MesPremièresAlternatives", "{C3095845-B83B-4CD5-B577-649B78EF216E}"
EndProject
Project("{9A19103F-16F7-4668-BE54-9A1E7A4F7556}") = "CodePrincipal", "BTS SIO 1\PROGRAMMATION\TC2\TP2 Les alternatives\1. MesPremièresAlternatives\CodePrincipal\CodePrincipal.csproj", "{37367FEF-81CE-4836-8DC1-9A9E4A470C33}"
EndProject
Project("{2150E333-8FDC-42A3-9474-1A3956D46DE8}") = "2. AnalyserModifierProgramme", "2. AnalyserModifierProgramme", "{ADE68F5B-633D-4FD0-8F00-8274FA0D9F87}"
EndProject
Project("{9A19103F-16F7-4668-BE54-9A1E7A4F7556}") = "Modification1", "BTS SIO 1\PROGRAMMATION\TC2\TP2 Les alternatives\2. AnalyserModifierProgramme\Modification1\Modification1.csproj", "{DDCD46E5-FCB0-4DA9-8495-96F9C44FCB3F}"
EndProject
Project("{9A19103F-16F7-4668-BE54-9A1E7A4F7556}") = "Modification3", "BTS SIO 1\PROGRAMMATION\TC2\TP2 Les alternatives\2. AnalyserModifierProgramme\Modification3\Modification3.csproj", "{572AF998-5FCB-4D6C-A9BB-3E552E4FA6B8}"
EndProject
Project("{9A19103F-16F7-4668-BE54-9A1E7A4F7556}") = "Modification4", "BTS SIO 1\PROGRAMMATION\TC2\TP2 Les alternatives\2. AnalyserModifierProgramme\Modification4\Modification4.csproj", "{7518CE1A-35CA-40AE-BE6F-15530FCB6924}"
EndProject
Project("{9A19103F-16F7-4668-BE54-9A1E7A4F7556}") = "Modification2", "BTS SIO 1\PROGRAMMATION\TC2\TP2 Les alternatives\2. AnalyserModifierProgramme\Modification2\Modification2.csproj", "{122CF7A1-FE26-4329-BCFE-9046A2294312}"
EndProject
Global
	GlobalSection(SolutionConfigurationPlatforms) = preSolution
		Debug|Any CPU = Debug|Any CPU
		Release|Any CPU = Release|Any CPU
	EndGlobalSection
	GlobalSection(ProjectConfigurationPlatforms) = postSolution
		{37367FEF-81CE-4836-8DC1-9A9E4A470C33}.Debug|Any CPU.ActiveCfg = Debug|Any CPU
		{37367FEF-81CE-4836-8DC1-9A9E4A470C33}.Debug|Any CPU.Build.0 = Debug|Any CPU
		{37367FEF-81CE-4836-8DC1-9A9E4A470C33}.Release|Any CPU.ActiveCfg = Release|Any CPU
		{37367FEF-81CE-4836-8DC1-9A9E4A470C33}.Release|Any CPU.Build.0 = Release|Any CPU
		{DDCD46E5-FCB0-4DA9-8495-96F9C44FCB3F}.Debug|Any CPU.ActiveCfg = Debug|Any CPU
		{DDCD46E5-FCB0-4DA9-8495-96F9C44FCB3F}.Debug|Any CPU.Build.0 = Debug|Any CPU
		{DDCD46E5-FCB0-4DA9-8495-96F9C44FCB3F}.Release|Any CPU.ActiveCfg = Release|Any CPU
		{DDCD46E5-FCB0-4DA9-8495-96F9C44FCB3F}.Release|Any CPU.Build.0 = Release|Any CPU
		{572AF998-5FCB-4D6C-A9BB-3E552E4FA6B8}.Debug|Any CPU.ActiveCfg = Debug|Any CPU
		{572AF998-5FCB-4D6C-A9BB-3E552E4FA6B8}.Debug|Any CPU.Build.0 = Debug|Any CPU
		{572AF998-5FCB-4D6C-A9BB-3E552E4FA6B8}.Release|Any CPU.ActiveCfg = Release|Any CPU
		{572AF998-5FCB-4D6C-A9BB-3E552E4FA6B8}.Release|Any CPU.Build.0 = Release|Any CPU
		{7518CE1A-35CA-40AE-BE6F-15530FCB6924}.Debug|Any CPU.ActiveCfg = Debug|Any CPU
		{7518CE1A-35CA-40AE-BE6F-15530FCB6924}.Debug|Any CPU.Build.0 = Debug|Any CPU
		{7518CE1A-35CA-40AE-BE6F-15530FCB6924}.Release|Any CPU.ActiveCfg = Release|Any CPU
		{7518CE1A-35CA-40AE-BE6F-15530FCB6924}.Release|Any CPU.Build.0 = Release|Any CPU
		{122CF7A1-FE26-4329-BCFE-9046A2294312}.Debug|Any CPU.ActiveCfg = Debug|Any CPU
		{122CF7A1-FE26-4329-BCFE-9046A2294312}.Debug|Any CPU.Build.0 = Debug|Any CPU
		{122CF7A1-FE26-4329-BCFE-9046A2294312}.Release|Any CPU.ActiveCfg = Release|Any CPU
		{122CF7A1-FE26-4329-BCFE-9046A2294312}.Release|Any CPU.Build.0 = Release|Any CPU
	EndGlobalSection
	GlobalSection(SolutionProperties) = preSolution
		HideSolutionNode = FALSE
	EndGlobalSection
	GlobalSection(NestedProjects) = preSolution
		{33A59EF2-28E9-469A-9F26-FCAA7C028670} = {2D383D60-6AF2-4E90-A721-439E5F080766}
		{4315F9C9-94B2-4954-927C-F15DBC0FB418} = {33A59EF2-28E9-469A-9F26-FCAA7C028670}
		{9BF0224E-5D48-4838-B56E-763CFCE45E86} = {4315F9C9-94B2-4954-927C-F15DBC0FB418}
		{C3095845-B83B-4CD5-B577-649B78EF216E} = {9BF0224E-5D48-4838-B56E-763CFCE45E86}
		{37367FEF-81CE-4836-8DC1-9A9E4A470C33} = {C3095845-B83B-4CD5-B577-649B78EF216E}
		{ADE68F5B-633D-4FD0-8F00-8274FA0D9F87} = {9BF0224E-5D48-4838-B56E-763CFCE45E86}
		{DDCD46E5-FCB0-4DA9-8495-96F9C44FCB3F} = {ADE68F5B-633D-4FD0-8F00-8274FA0D9F87}
		{572AF998-5FCB-4D6C-A9BB-3E552E4FA6B8} = {ADE68F5B-633D-4FD0-8F00-8274FA0D9F87}
		{7518CE1A-35CA-40AE-BE6F-15530FCB6924} = {ADE68F5B-633D-4FD0-8F00-8274FA0D9F87}
		{122CF7A1-FE26-4329-BCFE-9046A2294312} = {ADE68F5B-633D-4FD0-8F00-8274FA0D9F87}
	EndGlobalSection
	GlobalSection(ExtensibilityGlobals) = postSolution
		SolutionGuid = {B0498E57-D6AD-474B-8F8C-A16AEC725F2F}
	EndGlobalSection
EndGlobal
