
Microsoft Visual Studio Solution File, Format Version 12.00
# Visual Studio Version 17
VisualStudioVersion = 17.5.002.0
MinimumVisualStudioVersion = 10.0.40219.1
Project("{2150E333-8FDC-42A3-9474-1A3956D46DE8}") = "BTS SIO 1", "BTS SIO 1", "{0A6F5320-7D89-4A78-BF5B-F1D5D1207FDD}"
EndProject
Project("{2150E333-8FDC-42A3-9474-1A3956D46DE8}") = "PROGRAMMATION", "PROGRAMMATION", "{D365D9C8-52F9-4303-BC02-6E75A8C182EC}"
EndProject
Project("{2150E333-8FDC-42A3-9474-1A3956D46DE8}") = "TC2", "TC2", "{22D57A44-CFE2-4656-B94F-4BB66067B6AD}"
EndProject
Project("{2150E333-8FDC-42A3-9474-1A3956D46DE8}") = "TP3 Boucle Pour", "TP3 Boucle Pour", "{33AA7834-5D89-419E-95F1-441C2378B25F}"
EndProject
Project("{9A19103F-16F7-4668-BE54-9A1E7A4F7556}") = "Exercice1", "BTS SIO 1\PROGRAMMATION\TC2\TP3 Boucle Pour\Exercice1\Exercice1.csproj", "{238BF137-8BC1-46D5-86DC-53544666D607}"
EndProject
Project("{2150E333-8FDC-42A3-9474-1A3956D46DE8}") = "TP2 Les alternatives", "TP2 Les alternatives", "{529337F8-56D8-41D2-B8EB-0177DDB68089}"
EndProject
Project("{9A19103F-16F7-4668-BE54-9A1E7A4F7556}") = "Akinator", "BTS SIO 1\PROGRAMMATION\TC2\TP2 Les alternatives\Akinator\Akinator.csproj", "{639F10E8-AC92-4985-B303-BF2EA1B3F316}"
EndProject
Global
	GlobalSection(SolutionConfigurationPlatforms) = preSolution
		Debug|Any CPU = Debug|Any CPU
		Release|Any CPU = Release|Any CPU
	EndGlobalSection
	GlobalSection(ProjectConfigurationPlatforms) = postSolution
		{238BF137-8BC1-46D5-86DC-53544666D607}.Debug|Any CPU.ActiveCfg = Debug|Any CPU
		{238BF137-8BC1-46D5-86DC-53544666D607}.Debug|Any CPU.Build.0 = Debug|Any CPU
		{238BF137-8BC1-46D5-86DC-53544666D607}.Release|Any CPU.ActiveCfg = Release|Any CPU
		{238BF137-8BC1-46D5-86DC-53544666D607}.Release|Any CPU.Build.0 = Release|Any CPU
		{639F10E8-AC92-4985-B303-BF2EA1B3F316}.Debug|Any CPU.ActiveCfg = Debug|Any CPU
		{639F10E8-AC92-4985-B303-BF2EA1B3F316}.Debug|Any CPU.Build.0 = Debug|Any CPU
		{639F10E8-AC92-4985-B303-BF2EA1B3F316}.Release|Any CPU.ActiveCfg = Release|Any CPU
		{639F10E8-AC92-4985-B303-BF2EA1B3F316}.Release|Any CPU.Build.0 = Release|Any CPU
	EndGlobalSection
	GlobalSection(SolutionProperties) = preSolution
		HideSolutionNode = FALSE
	EndGlobalSection
	GlobalSection(NestedProjects) = preSolution
		{D365D9C8-52F9-4303-BC02-6E75A8C182EC} = {0A6F5320-7D89-4A78-BF5B-F1D5D1207FDD}
		{22D57A44-CFE2-4656-B94F-4BB66067B6AD} = {D365D9C8-52F9-4303-BC02-6E75A8C182EC}
		{33AA7834-5D89-419E-95F1-441C2378B25F} = {22D57A44-CFE2-4656-B94F-4BB66067B6AD}
		{238BF137-8BC1-46D5-86DC-53544666D607} = {33AA7834-5D89-419E-95F1-441C2378B25F}
		{529337F8-56D8-41D2-B8EB-0177DDB68089} = {22D57A44-CFE2-4656-B94F-4BB66067B6AD}
		{639F10E8-AC92-4985-B303-BF2EA1B3F316} = {529337F8-56D8-41D2-B8EB-0177DDB68089}
	EndGlobalSection
	GlobalSection(ExtensibilityGlobals) = postSolution
		SolutionGuid = {6B10568B-69D3-499F-82BC-93AB789BB664}
	EndGlobalSection
EndGlobal
